// !$*UTF8*$!
{
	archiveVersion = 1;
	classes = {
	};
	objectVersion = 50;
	objects = {

/* Begin PBXBuildFile section */
		E4F2CB5325CDCE63005C9276 /* AppDelegate.swift in Sources */ = {isa = PBXBuildFile; fileRef = E4F2CB5225CDCE63005C9276 /* AppDelegate.swift */; };
		E4F2CB5525CDCE63005C9276 /* SceneDelegate.swift in Sources */ = {isa = PBXBuildFile; fileRef = E4F2CB5425CDCE63005C9276 /* SceneDelegate.swift */; };
		E4F2CB5725CDCE63005C9276 /* ViewController.swift in Sources */ = {isa = PBXBuildFile; fileRef = E4F2CB5625CDCE63005C9276 /* ViewController.swift */; };
		E4F2CB5A25CDCE63005C9276 /* Main.storyboard in Resources */ = {isa = PBXBuildFile; fileRef = E4F2CB5825CDCE63005C9276 /* Main.storyboard */; };
		E4F2CB5C25CDCE64005C9276 /* Assets.xcassets in Resources */ = {isa = PBXBuildFile; fileRef = E4F2CB5B25CDCE64005C9276 /* Assets.xcassets */; };
		E4F2CB5F25CDCE64005C9276 /* LaunchScreen.storyboard in Resources */ = {isa = PBXBuildFile; fileRef = E4F2CB5D25CDCE64005C9276 /* LaunchScreen.storyboard */; };
		E4F2CB6825CDCEFF005C9276 /* MovieTableViewCell.swift in Sources */ = {isa = PBXBuildFile; fileRef = E4F2CB6725CDCEFF005C9276 /* MovieTableViewCell.swift */; };
		E4F2CB6C25CDD0FF005C9276 /* Movie.swift in Sources */ = {isa = PBXBuildFile; fileRef = E4F2CB6B25CDD0FF005C9276 /* Movie.swift */; };
		E4F2CB6F25CDDA71005C9276 /* DetailViewController.swift in Sources */ = {isa = PBXBuildFile; fileRef = E4F2CB6E25CDDA71005C9276 /* DetailViewController.swift */; };
		E4F2CB7325CDE255005C9276 /* FavouritesTableViewController.swift in Sources */ = {isa = PBXBuildFile; fileRef = E4F2CB7225CDE255005C9276 /* FavouritesTableViewController.swift */; };
		E4F2CB7625CDE282005C9276 /* FavouriteTableViewCell.swift in Sources */ = {isa = PBXBuildFile; fileRef = E4F2CB7525CDE282005C9276 /* FavouriteTableViewCell.swift */; };
/* End PBXBuildFile section */

/* Begin PBXFileReference section */
		E4F2CB4F25CDCE63005C9276 /* Networking Movie.app */ = {isa = PBXFileReference; explicitFileType = wrapper.application; includeInIndex = 0; path = "Networking Movie.app"; sourceTree = BUILT_PRODUCTS_DIR; };
		E4F2CB5225CDCE63005C9276 /* AppDelegate.swift */ = {isa = PBXFileReference; lastKnownFileType = sourcecode.swift; path = AppDelegate.swift; sourceTree = "<group>"; };
		E4F2CB5425CDCE63005C9276 /* SceneDelegate.swift */ = {isa = PBXFileReference; lastKnownFileType = sourcecode.swift; path = SceneDelegate.swift; sourceTree = "<group>"; };
		E4F2CB5625CDCE63005C9276 /* ViewController.swift */ = {isa = PBXFileReference; lastKnownFileType = sourcecode.swift; path = ViewController.swift; sourceTree = "<group>"; };
		E4F2CB5925CDCE63005C9276 /* Base */ = {isa = PBXFileReference; lastKnownFileType = file.storyboard; name = Base; path = Base.lproj/Main.storyboard; sourceTree = "<group>"; };
		E4F2CB5B25CDCE64005C9276 /* Assets.xcassets */ = {isa = PBXFileReference; lastKnownFileType = folder.assetcatalog; path = Assets.xcassets; sourceTree = "<group>"; };
		E4F2CB5E25CDCE64005C9276 /* Base */ = {isa = PBXFileReference; lastKnownFileType = file.storyboard; name = Base; path = Base.lproj/LaunchScreen.storyboard; sourceTree = "<group>"; };
		E4F2CB6025CDCE64005C9276 /* Info.plist */ = {isa = PBXFileReference; lastKnownFileType = text.plist.xml; path = Info.plist; sourceTree = "<group>"; };
		E4F2CB6725CDCEFF005C9276 /* MovieTableViewCell.swift */ = {isa = PBXFileReference; lastKnownFileType = sourcecode.swift; path = MovieTableViewCell.swift; sourceTree = "<group>"; };
		E4F2CB6B25CDD0FF005C9276 /* Movie.swift */ = {isa = PBXFileReference; lastKnownFileType = sourcecode.swift; path = Movie.swift; sourceTree = "<group>"; };
		E4F2CB6E25CDDA71005C9276 /* DetailViewController.swift */ = {isa = PBXFileReference; lastKnownFileType = sourcecode.swift; path = DetailViewController.swift; sourceTree = "<group>"; };
		E4F2CB7225CDE255005C9276 /* FavouritesTableViewController.swift */ = {isa = PBXFileReference; lastKnownFileType = sourcecode.swift; path = FavouritesTableViewController.swift; sourceTree = "<group>"; };
		E4F2CB7525CDE282005C9276 /* FavouriteTableViewCell.swift */ = {isa = PBXFileReference; lastKnownFileType = sourcecode.swift; path = FavouriteTableViewCell.swift; sourceTree = "<group>"; };
/* End PBXFileReference section */

/* Begin PBXFrameworksBuildPhase section */
		E4F2CB4C25CDCE63005C9276 /* Frameworks */ = {
			isa = PBXFrameworksBuildPhase;
			buildActionMask = 2147483647;
			files = (
			);
			runOnlyForDeploymentPostprocessing = 0;
		};
/* End PBXFrameworksBuildPhase section */

/* Begin PBXGroup section */
		E4F2CB4625CDCE63005C9276 = {
			isa = PBXGroup;
			children = (
				E4F2CB5125CDCE63005C9276 /* Networking Movie */,
				E4F2CB5025CDCE63005C9276 /* Products */,
			);
			sourceTree = "<group>";
		};
		E4F2CB5025CDCE63005C9276 /* Products */ = {
			isa = PBXGroup;
			children = (
				E4F2CB4F25CDCE63005C9276 /* Networking Movie.app */,
			);
			name = Products;
			sourceTree = "<group>";
		};
		E4F2CB5125CDCE63005C9276 /* Networking Movie */ = {
			isa = PBXGroup;
			children = (
				E4F2CB7525CDE282005C9276 /* FavouriteTableViewCell.swift */,
				E4F2CB7225CDE255005C9276 /* FavouritesTableViewController.swift */,
				E4F2CB5225CDCE63005C9276 /* AppDelegate.swift */,
				E4F2CB5425CDCE63005C9276 /* SceneDelegate.swift */,
				E4F2CB5625CDCE63005C9276 /* ViewController.swift */,
				E4F2CB6B25CDD0FF005C9276 /* Movie.swift */,
				E4F2CB6725CDCEFF005C9276 /* MovieTableViewCell.swift */,
				E4F2CB6E25CDDA71005C9276 /* DetailViewController.swift */,
				E4F2CB5825CDCE63005C9276 /* Main.storyboard */,
				E4F2CB5B25CDCE64005C9276 /* Assets.xcassets */,
				E4F2CB5D25CDCE64005C9276 /* LaunchScreen.storyboard */,
				E4F2CB6025CDCE64005C9276 /* Info.plist */,
			);
			path = "Networking Movie";
			sourceTree = "<group>";
		};
/* End PBXGroup section */

/* Begin PBXNativeTarget section */
		E4F2CB4E25CDCE63005C9276 /* Networking Movie */ = {
			isa = PBXNativeTarget;
			buildConfigurationList = E4F2CB6325CDCE64005C9276 /* Build configuration list for PBXNativeTarget "Networking Movie" */;
			buildPhases = (
				E4F2CB4B25CDCE63005C9276 /* Sources */,
				E4F2CB4C25CDCE63005C9276 /* Frameworks */,
				E4F2CB4D25CDCE63005C9276 /* Resources */,
			);
			buildRules = (
			);
			dependencies = (
			);
			name = "Networking Movie";
			productName = "Networking Movie";
			productReference = E4F2CB4F25CDCE63005C9276 /* Networking Movie.app */;
			productType = "com.apple.product-type.application";
		};
/* End PBXNativeTarget section */

/* Begin PBXProject section */
		E4F2CB4725CDCE63005C9276 /* Project object */ = {
			isa = PBXProject;
			attributes = {
				LastSwiftUpdateCheck = 1240;
				LastUpgradeCheck = 1240;
				TargetAttributes = {
					E4F2CB4E25CDCE63005C9276 = {
						CreatedOnToolsVersion = 12.4;
					};
				};
			};
			buildConfigurationList = E4F2CB4A25CDCE63005C9276 /* Build configuration list for PBXProject "Networking Movie" */;
			compatibilityVersion = "Xcode 9.3";
			developmentRegion = en;
			hasScannedForEncodings = 0;
			knownRegions = (
				en,
				Base,
			);
			mainGroup = E4F2CB4625CDCE63005C9276;
			productRefGroup = E4F2CB5025CDCE63005C9276 /* Products */;
			projectDirPath = "";
			projectRoot = "";
			targets = (
				E4F2CB4E25CDCE63005C9276 /* Networking Movie */,
			);
		};
/* End PBXProject section */

/* Begin PBXResourcesBuildPhase section */
		E4F2CB4D25CDCE63005C9276 /* Resources */ = {
			isa = PBXResourcesBuildPhase;
			buildActionMask = 2147483647;
			files = (
				E4F2CB5F25CDCE64005C9276 /* LaunchScreen.storyboard in Resources */,
				E4F2CB5C25CDCE64005C9276 /* Assets.xcassets in Resources */,
				E4F2CB5A25CDCE63005C9276 /* Main.storyboard in Resources */,
			);
			runOnlyForDeploymentPostprocessing = 0;
		};
/* End PBXResourcesBuildPhase section */

/* Begin PBXSourcesBuildPhase section */
		E4F2CB4B25CDCE63005C9276 /* Sources */ = {
			isa = PBXSourcesBuildPhase;
			buildActionMask = 2147483647;
			files = (
				E4F2CB5725CDCE63005C9276 /* ViewController.swift in Sources */,
				E4F2CB5325CDCE63005C9276 /* AppDelegate.swift in Sources */,
				E4F2CB6825CDCEFF005C9276 /* MovieTableViewCell.swift in Sources */,
				E4F2CB6F25CDDA71005C9276 /* DetailViewController.swift in Sources */,
				E4F2CB5525CDCE63005C9276 /* SceneDelegate.swift in Sources */,
				E4F2CB6C25CDD0FF005C9276 /* Movie.swift in Sources */,
				E4F2CB7325CDE255005C9276 /* FavouritesTableViewController.swift in Sources */,
				E4F2CB7625CDE282005C9276 /* FavouriteTableViewCell.swift in Sources */,
			);
			runOnlyForDeploymentPostprocessing = 0;
		};
/* End PBXSourcesBuildPhase section */

/* Begin PBXVariantGroup section */
		E4F2CB5825CDCE63005C9276 /* Main.storyboard */ = {
			isa = PBXVariantGroup;
			children = (
				E4F2CB5925CDCE63005C9276 /* Base */,
			);
			name = Main.storyboard;
			sourceTree = "<group>";
		};
		E4F2CB5D25CDCE64005C9276 /* LaunchScreen.storyboard */ = {
			isa = PBXVariantGroup;
			children = (
				E4F2CB5E25CDCE64005C9276 /* Base */,
			);
			name = LaunchScreen.storyboard;
			sourceTree = "<group>";
		};
/* End PBXVariantGroup section */

/* Begin XCBuildConfiguration section */
		E4F2CB6125CDCE64005C9276 /* Debug */ = {
			isa = XCBuildConfiguration;
			buildSettings = {
				ALWAYS_SEARCH_USER_PATHS = NO;
				CLANG_ANALYZER_NONNULL = YES;
				CLANG_ANALYZER_NUMBER_OBJECT_CONVERSION = YES_AGGRESSIVE;
				CLANG_CXX_LANGUAGE_STANDARD = "gnu++14";
				CLANG_CXX_LIBRARY = "libc++";
				CLANG_ENABLE_MODULES = YES;
				CLANG_ENABLE_OBJC_ARC = YES;
				CLANG_ENABLE_OBJC_WEAK = YES;
				CLANG_WARN_BLOCK_CAPTURE_AUTORELEASING = YES;
				CLANG_WARN_BOOL_CONVERSION = YES;
				CLANG_WARN_COMMA = YES;
				CLANG_WARN_CONSTANT_CONVERSION = YES;
				CLANG_WARN_DEPRECATED_OBJC_IMPLEMENTATIONS = YES;
				CLANG_WARN_DIRECT_OBJC_ISA_USAGE = YES_ERROR;
				CLANG_WARN_DOCUMENTATION_COMMENTS = YES;
				CLANG_WARN_EMPTY_BODY = YES;
				CLANG_WARN_ENUM_CONVERSION = YES;
				CLANG_WARN_INFINITE_RECURSION = YES;
				CLANG_WARN_INT_CONVERSION = YES;
				CLANG_WARN_NON_LITERAL_NULL_CONVERSION = YES;
				CLANG_WARN_OBJC_IMPLICIT_RETAIN_SELF = YES;
				CLANG_WARN_OBJC_LITERAL_CONVERSION = YES;
				CLANG_WARN_OBJC_ROOT_CLASS = YES_ERROR;
				CLANG_WARN_QUOTED_INCLUDE_IN_FRAMEWORK_HEADER = YES;
				CLANG_WARN_RANGE_LOOP_ANALYSIS = YES;
				CLANG_WARN_STRICT_PROTOTYPES = YES;
				CLANG_WARN_SUSPICIOUS_MOVE = YES;
				CLANG_WARN_UNGUARDED_AVAILABILITY = YES_AGGRESSIVE;
				CLANG_WARN_UNREACHABLE_CODE = YES;
				CLANG_WARN__DUPLICATE_METHOD_MATCH = YES;
				COPY_PHASE_STRIP = NO;
				DEBUG_INFORMATION_FORMAT = dwarf;
				ENABLE_STRICT_OBJC_MSGSEND = YES;
				ENABLE_TESTABILITY = YES;
				GCC_C_LANGUAGE_STANDARD = gnu11;
				GCC_DYNAMIC_NO_PIC = NO;
				GCC_NO_COMMON_BLOCKS = YES;
				GCC_OPTIMIZATION_LEVEL = 0;
				GCC_PREPROCESSOR_DEFINITIONS = (
					"DEBUG=1",
					"$(inherited)",
				);
				GCC_WARN_64_TO_32_BIT_CONVERSION = YES;
				GCC_WARN_ABOUT_RETURN_TYPE = YES_ERROR;
				GCC_WARN_UNDECLARED_SELECTOR = YES;
				GCC_WARN_UNINITIALIZED_AUTOS = YES_AGGRESSIVE;
				GCC_WARN_UNUSED_FUNCTION = YES;
				GCC_WARN_UNUSED_VARIABLE = YES;
				IPHONEOS_DEPLOYMENT_TARGET = 14.4;
				MTL_ENABLE_DEBUG_INFO = INCLUDE_SOURCE;
				MTL_FAST_MATH = YES;
				ONLY_ACTIVE_ARCH = YES;
				SDKROOT = iphoneos;
				SWIFT_ACTIVE_COMPILATION_CONDITIONS = DEBUG;
				SWIFT_OPTIMIZATION_LEVEL = "-Onone";
			};
			name = Debug;
		};
		E4F2CB6225CDCE64005C9276 /* Release */ = {
			isa = XCBuildConfiguration;
			buildSettings = {
				ALWAYS_SEARCH_USER_PATHS = NO;
				CLANG_ANALYZER_NONNULL = YES;
				CLANG_ANALYZER_NUMBER_OBJECT_CONVERSION = YES_AGGRESSIVE;
				CLANG_CXX_LANGUAGE_STANDARD = "gnu++14";
				CLANG_CXX_LIBRARY = "libc++";
				CLANG_ENABLE_MODULES = YES;
				CLANG_ENABLE_OBJC_ARC = YES;
				CLANG_ENABLE_OBJC_WEAK = YES;
				CLANG_WARN_BLOCK_CAPTURE_AUTORELEASING = YES;
				CLANG_WARN_BOOL_CONVERSION = YES;
				CLANG_WARN_COMMA = YES;
				CLANG_WARN_CONSTANT_CONVERSION = YES;
				CLANG_WARN_DEPRECATED_OBJC_IMPLEMENTATIONS = YES;
				CLANG_WARN_DIRECT_OBJC_ISA_USAGE = YES_ERROR;
				CLANG_WARN_DOCUMENTATION_COMMENTS = YES;
				CLANG_WARN_EMPTY_BODY = YES;
				CLANG_WARN_ENUM_CONVERSION = YES;
				CLANG_WARN_INFINITE_RECURSION = YES;
				CLANG_WARN_INT_CONVERSION = YES;
				CLANG_WARN_NON_LITERAL_NULL_CONVERSION = YES;
				CLANG_WARN_OBJC_IMPLICIT_RETAIN_SELF = YES;
				CLANG_WARN_OBJC_LITERAL_CONVERSION = YES;
				CLANG_WARN_OBJC_ROOT_CLASS = YES_ERROR;
				CLANG_WARN_QUOTED_INCLUDE_IN_FRAMEWORK_HEADER = YES;
				CLANG_WARN_RANGE_LOOP_ANALYSIS = YES;
				CLANG_WARN_STRICT_PROTOTYPES = YES;
				CLANG_WARN_SUSPICIOUS_MOVE = YES;
				CLANG_WARN_UNGUARDED_AVAILABILITY = YES_AGGRESSIVE;
				CLANG_WARN_UNREACHABLE_CODE = YES;
				CLANG_WARN__DUPLICATE_METHOD_MATCH = YES;
				COPY_PHASE_STRIP = NO;
				DEBUG_INFORMATION_FORMAT = "dwarf-with-dsym";
				ENABLE_NS_ASSERTIONS = NO;
				ENABLE_STRICT_OBJC_MSGSEND = YES;
				GCC_C_LANGUAGE_STANDARD = gnu11;
				GCC_NO_COMMON_BLOCKS = YES;
				GCC_WARN_64_TO_32_BIT_CONVERSION = YES;
				GCC_WARN_ABOUT_RETURN_TYPE = YES_ERROR;
				GCC_WARN_UNDECLARED_SELECTOR = YES;
				GCC_WARN_UNINITIALIZED_AUTOS = YES_AGGRESSIVE;
				GCC_WARN_UNUSED_FUNCTION = YES;
				GCC_WARN_UNUSED_VARIABLE = YES;
				IPHONEOS_DEPLOYMENT_TARGET = 14.4;
				MTL_ENABLE_DEBUG_INFO = NO;
				MTL_FAST_MATH = YES;
				SDKROOT = iphoneos;
				SWIFT_COMPILATION_MODE = wholemodule;
				SWIFT_OPTIMIZATION_LEVEL = "-O";
				VALIDATE_PRODUCT = YES;
			};
			name = Release;
		};
		E4F2CB6425CDCE64005C9276 /* Debug */ = {
			isa = XCBuildConfiguration;
			buildSettings = {
				ASSETCATALOG_COMPILER_APPICON_NAME = AppIcon;
				ASSETCATALOG_COMPILER_GLOBAL_ACCENT_COLOR_NAME = AccentColor;
				CODE_SIGN_STYLE = Automatic;
				DEVELOPMENT_TEAM = 5MS9KG4339;
				INFOPLIST_FILE = "Networking Movie/Info.plist";
				LD_RUNPATH_SEARCH_PATHS = (
					"$(inherited)",
					"@executable_path/Frameworks",
				);
				PRODUCT_BUNDLE_IDENTIFIER = "koko.Networking-Movie";
				PRODUCT_NAME = "$(TARGET_NAME)";
				SWIFT_VERSION = 5.0;
				TARGETED_DEVICE_FAMILY = "1,2";
			};
			name = Debug;
		};
		E4F2CB6525CDCE64005C9276 /* Release */ = {
			isa = XCBuildConfiguration;
			buildSettings = {
				ASSETCATALOG_COMPILER_APPICON_NAME = AppIcon;
				ASSETCATALOG_COMPILER_GLOBAL_ACCENT_COLOR_NAME = AccentColor;
				CODE_SIGN_STYLE = Automatic;
				DEVELOPMENT_TEAM = 5MS9KG4339;
				INFOPLIST_FILE = "Networking Movie/Info.plist";
				LD_RUNPATH_SEARCH_PATHS = (
					"$(inherited)",
					"@executable_path/Frameworks",
				);
				PRODUCT_BUNDLE_IDENTIFIER = "koko.Networking-Movie";
				PRODUCT_NAME = "$(TARGET_NAME)";
				SWIFT_VERSION = 5.0;
				TARGETED_DEVICE_FAMILY = "1,2";
			};
			name = Release;
		};
/* End XCBuildConfiguration section */

/* Begin XCConfigurationList section */
		E4F2CB4A25CDCE63005C9276 /* Build configuration list for PBXProject "Networking Movie" */ = {
			isa = XCConfigurationList;
			buildConfigurations = (
				E4F2CB6125CDCE64005C9276 /* Debug */,
				E4F2CB6225CDCE64005C9276 /* Release */,
			);
			defaultConfigurationIsVisible = 0;
			defaultConfigurationName = Release;
		};
		E4F2CB6325CDCE64005C9276 /* Build configuration list for PBXNativeTarget "Networking Movie" */ = {
			isa = XCConfigurationList;
			buildConfigurations = (
				E4F2CB6425CDCE64005C9276 /* Debug */,
				E4F2CB6525CDCE64005C9276 /* Release */,
			);
			defaultConfigurationIsVisible = 0;
			defaultConfigurationName = Release;
		};
/* End XCConfigurationList section */
	};
	rootObject = E4F2CB4725CDCE63005C9276 /* Project object */;
}
